// !$*UTF8*$!
{
	archiveVersion = 1;
	classes = {
	};
	objectVersion = 46;
	objects = {

/* Begin PBXBuildFile section */
		144EC97B1850254100A45865 /* Song2.m in Sources */ = {isa = PBXBuildFile; fileRef = 144EC9791850254100A45865 /* Song2.m */; };
		144EC97C1850254100A45865 /* Song2.xib in Resources */ = {isa = PBXBuildFile; fileRef = 144EC97A1850254100A45865 /* Song2.xib */; };
		144EC9801850343A00A45865 /* pause.png in Resources */ = {isa = PBXBuildFile; fileRef = 144EC97F1850343A00A45865 /* pause.png */; };
		144EC9821850441200A45865 /* AVFoundation.framework in Frameworks */ = {isa = PBXBuildFile; fileRef = 144EC9811850441200A45865 /* AVFoundation.framework */; };
		144EC9851850465F00A45865 /* HeavyHunter.mp3 in Resources */ = {isa = PBXBuildFile; fileRef = 144EC9841850465F00A45865 /* HeavyHunter.mp3 */; };
		1489D19A184FA016003208F9 /* Foundation.framework in Frameworks */ = {isa = PBXBuildFile; fileRef = 1489D199184FA016003208F9 /* Foundation.framework */; };
		1489D19C184FA016003208F9 /* CoreGraphics.framework in Frameworks */ = {isa = PBXBuildFile; fileRef = 1489D19B184FA016003208F9 /* CoreGraphics.framework */; };
		1489D19E184FA016003208F9 /* UIKit.framework in Frameworks */ = {isa = PBXBuildFile; fileRef = 1489D19D184FA016003208F9 /* UIKit.framework */; };
		1489D1A4184FA016003208F9 /* InfoPlist.strings in Resources */ = {isa = PBXBuildFile; fileRef = 1489D1A2184FA016003208F9 /* InfoPlist.strings */; };
		1489D1A6184FA016003208F9 /* main.m in Sources */ = {isa = PBXBuildFile; fileRef = 1489D1A5184FA016003208F9 /* main.m */; };
		1489D1AA184FA016003208F9 /* AppDelegate.m in Sources */ = {isa = PBXBuildFile; fileRef = 1489D1A9184FA016003208F9 /* AppDelegate.m */; };
		1489D1AD184FA016003208F9 /* Main_iPhone.storyboard in Resources */ = {isa = PBXBuildFile; fileRef = 1489D1AB184FA016003208F9 /* Main_iPhone.storyboard */; };
		1489D1B3184FA016003208F9 /* ViewController.m in Sources */ = {isa = PBXBuildFile; fileRef = 1489D1B2184FA016003208F9 /* ViewController.m */; };
		1489D1B5184FA016003208F9 /* Images.xcassets in Resources */ = {isa = PBXBuildFile; fileRef = 1489D1B4184FA016003208F9 /* Images.xcassets */; };
		1489D1BC184FA016003208F9 /* XCTest.framework in Frameworks */ = {isa = PBXBuildFile; fileRef = 1489D1BB184FA016003208F9 /* XCTest.framework */; };
		1489D1BD184FA016003208F9 /* Foundation.framework in Frameworks */ = {isa = PBXBuildFile; fileRef = 1489D199184FA016003208F9 /* Foundation.framework */; };
		1489D1BE184FA016003208F9 /* UIKit.framework in Frameworks */ = {isa = PBXBuildFile; fileRef = 1489D19D184FA016003208F9 /* UIKit.framework */; };
		1489D1C6184FA016003208F9 /* InfoPlist.strings in Resources */ = {isa = PBXBuildFile; fileRef = 1489D1C4184FA016003208F9 /* InfoPlist.strings */; };
		1489D1C8184FA016003208F9 /* aza2Tests.m in Sources */ = {isa = PBXBuildFile; fileRef = 1489D1C7184FA016003208F9 /* aza2Tests.m */; };
		1489D1D2184FA037003208F9 /* abstract.png in Resources */ = {isa = PBXBuildFile; fileRef = 1489D1D1184FA037003208F9 /* abstract.png */; };
		14AED2E6184FAE070041DEA3 /* darkBlue.png in Resources */ = {isa = PBXBuildFile; fileRef = 14AED2E5184FAE070041DEA3 /* darkBlue.png */; };
/* End PBXBuildFile section */

/* Begin PBXContainerItemProxy section */
		1489D1BF184FA016003208F9 /* PBXContainerItemProxy */ = {
			isa = PBXContainerItemProxy;
			containerPortal = 1489D18E184FA016003208F9 /* Project object */;
			proxyType = 1;
			remoteGlobalIDString = 1489D195184FA016003208F9;
			remoteInfo = aza2;
		};
/* End PBXContainerItemProxy section */

/* Begin PBXFileReference section */
		144EC9781850254100A45865 /* Song2.h */ = {isa = PBXFileReference; fileEncoding = 4; lastKnownFileType = sourcecode.c.h; path = Song2.h; sourceTree = "<group>"; };
		144EC9791850254100A45865 /* Song2.m */ = {isa = PBXFileReference; fileEncoding = 4; lastKnownFileType = sourcecode.c.objc; path = Song2.m; sourceTree = "<group>"; };
		144EC97A1850254100A45865 /* Song2.xib */ = {isa = PBXFileReference; fileEncoding = 4; lastKnownFileType = file.xib; path = Song2.xib; sourceTree = "<group>"; };
		144EC97F1850343A00A45865 /* pause.png */ = {isa = PBXFileReference; lastKnownFileType = image.png; name = pause.png; path = ../../pause.png; sourceTree = "<group>"; };
		144EC9811850441200A45865 /* AVFoundation.framework */ = {isa = PBXFileReference; lastKnownFileType = wrapper.framework; name = AVFoundation.framework; path = System/Library/Frameworks/AVFoundation.framework; sourceTree = SDKROOT; };
		144EC9841850465F00A45865 /* HeavyHunter.mp3 */ = {isa = PBXFileReference; lastKnownFileType = audio.mp3; name = HeavyHunter.mp3; path = ../../HeavyHunter.mp3; sourceTree = "<group>"; };
		1489D196184FA016003208F9 /* aza2.app */ = {isa = PBXFileReference; explicitFileType = wrapper.application; includeInIndex = 0; path = aza2.app; sourceTree = BUILT_PRODUCTS_DIR; };
		1489D199184FA016003208F9 /* Foundation.framework */ = {isa = PBXFileReference; lastKnownFileType = wrapper.framework; name = Foundation.framework; path = System/Library/Frameworks/Foundation.framework; sourceTree = SDKROOT; };
		1489D19B184FA016003208F9 /* CoreGraphics.framework */ = {isa = PBXFileReference; lastKnownFileType = wrapper.framework; name = CoreGraphics.framework; path = System/Library/Frameworks/CoreGraphics.framework; sourceTree = SDKROOT; };
		1489D19D184FA016003208F9 /* UIKit.framework */ = {isa = PBXFileReference; lastKnownFileType = wrapper.framework; name = UIKit.framework; path = System/Library/Frameworks/UIKit.framework; sourceTree = SDKROOT; };
		1489D1A1184FA016003208F9 /* aza2-Info.plist */ = {isa = PBXFileReference; lastKnownFileType = text.plist.xml; path = "aza2-Info.plist"; sourceTree = "<group>"; };
		1489D1A3184FA016003208F9 /* en */ = {isa = PBXFileReference; lastKnownFileType = text.plist.strings; name = en; path = en.lproj/InfoPlist.strings; sourceTree = "<group>"; };
		1489D1A5184FA016003208F9 /* main.m */ = {isa = PBXFileReference; lastKnownFileType = sourcecode.c.objc; path = main.m; sourceTree = "<group>"; };
		1489D1A7184FA016003208F9 /* aza2-Prefix.pch */ = {isa = PBXFileReference; lastKnownFileType = sourcecode.c.h; path = "aza2-Prefix.pch"; sourceTree = "<group>"; };
		1489D1A8184FA016003208F9 /* AppDelegate.h */ = {isa = PBXFileReference; lastKnownFileType = sourcecode.c.h; path = AppDelegate.h; sourceTree = "<group>"; };
		1489D1A9184FA016003208F9 /* AppDelegate.m */ = {isa = PBXFileReference; lastKnownFileType = sourcecode.c.objc; path = AppDelegate.m; sourceTree = "<group>"; };
		1489D1AC184FA016003208F9 /* Base */ = {isa = PBXFileReference; lastKnownFileType = file.storyboard; name = Base; path = Base.lproj/Main_iPhone.storyboard; sourceTree = "<group>"; };
		1489D1B1184FA016003208F9 /* ViewController.h */ = {isa = PBXFileReference; lastKnownFileType = sourcecode.c.h; path = ViewController.h; sourceTree = "<group>"; };
		1489D1B2184FA016003208F9 /* ViewController.m */ = {isa = PBXFileReference; lastKnownFileType = sourcecode.c.objc; path = ViewController.m; sourceTree = "<group>"; };
		1489D1B4184FA016003208F9 /* Images.xcassets */ = {isa = PBXFileReference; lastKnownFileType = folder.assetcatalog; path = Images.xcassets; sourceTree = "<group>"; };
		1489D1BA184FA016003208F9 /* aza2Tests.xctest */ = {isa = PBXFileReference; explicitFileType = wrapper.cfbundle; includeInIndex = 0; path = aza2Tests.xctest; sourceTree = BUILT_PRODUCTS_DIR; };
		1489D1BB184FA016003208F9 /* XCTest.framework */ = {isa = PBXFileReference; lastKnownFileType = wrapper.framework; name = XCTest.framework; path = Library/Frameworks/XCTest.framework; sourceTree = DEVELOPER_DIR; };
		1489D1C3184FA016003208F9 /* aza2Tests-Info.plist */ = {isa = PBXFileReference; lastKnownFileType = text.plist.xml; path = "aza2Tests-Info.plist"; sourceTree = "<group>"; };
		1489D1C5184FA016003208F9 /* en */ = {isa = PBXFileReference; lastKnownFileType = text.plist.strings; name = en; path = en.lproj/InfoPlist.strings; sourceTree = "<group>"; };
		1489D1C7184FA016003208F9 /* aza2Tests.m */ = {isa = PBXFileReference; lastKnownFileType = sourcecode.c.objc; path = aza2Tests.m; sourceTree = "<group>"; };
		1489D1D1184FA037003208F9 /* abstract.png */ = {isa = PBXFileReference; lastKnownFileType = image.png; name = abstract.png; path = ../../abstract.png; sourceTree = "<group>"; };
		14AED2E5184FAE070041DEA3 /* darkBlue.png */ = {isa = PBXFileReference; lastKnownFileType = image.png; name = darkBlue.png; path = ../../darkBlue.png; sourceTree = "<group>"; };
/* End PBXFileReference section */

/* Begin PBXFrameworksBuildPhase section */
		1489D193184FA016003208F9 /* Frameworks */ = {
			isa = PBXFrameworksBuildPhase;
			buildActionMask = 2147483647;
			files = (
				144EC9821850441200A45865 /* AVFoundation.framework in Frameworks */,
				1489D19C184FA016003208F9 /* CoreGraphics.framework in Frameworks */,
				1489D19E184FA016003208F9 /* UIKit.framework in Frameworks */,
				1489D19A184FA016003208F9 /* Foundation.framework in Frameworks */,
			);
			runOnlyForDeploymentPostprocessing = 0;
		};
		1489D1B7184FA016003208F9 /* Frameworks */ = {
			isa = PBXFrameworksBuildPhase;
			buildActionMask = 2147483647;
			files = (
				1489D1BC184FA016003208F9 /* XCTest.framework in Frameworks */,
				1489D1BE184FA016003208F9 /* UIKit.framework in Frameworks */,
				1489D1BD184FA016003208F9 /* Foundation.framework in Frameworks */,
			);
			runOnlyForDeploymentPostprocessing = 0;
		};
/* End PBXFrameworksBuildPhase section */

/* Begin PBXGroup section */
		1489D18D184FA016003208F9 = {
			isa = PBXGroup;
			children = (
				1489D19F184FA016003208F9 /* aza2 */,
				1489D1C1184FA016003208F9 /* aza2Tests */,
				1489D198184FA016003208F9 /* Frameworks */,
				1489D197184FA016003208F9 /* Products */,
			);
			sourceTree = "<group>";
		};
		1489D197184FA016003208F9 /* Products */ = {
			isa = PBXGroup;
			children = (
				1489D196184FA016003208F9 /* aza2.app */,
				1489D1BA184FA016003208F9 /* aza2Tests.xctest */,
			);
			name = Products;
			sourceTree = "<group>";
		};
		1489D198184FA016003208F9 /* Frameworks */ = {
			isa = PBXGroup;
			children = (
				144EC9811850441200A45865 /* AVFoundation.framework */,
				1489D199184FA016003208F9 /* Foundation.framework */,
				1489D19B184FA016003208F9 /* CoreGraphics.framework */,
				1489D19D184FA016003208F9 /* UIKit.framework */,
				1489D1BB184FA016003208F9 /* XCTest.framework */,
			);
			name = Frameworks;
			sourceTree = "<group>";
		};
		1489D19F184FA016003208F9 /* aza2 */ = {
			isa = PBXGroup;
			children = (
				1489D1A8184FA016003208F9 /* AppDelegate.h */,
				1489D1A9184FA016003208F9 /* AppDelegate.m */,
				1489D1AB184FA016003208F9 /* Main_iPhone.storyboard */,
				144EC9781850254100A45865 /* Song2.h */,
				144EC9791850254100A45865 /* Song2.m */,
				144EC9841850465F00A45865 /* HeavyHunter.mp3 */,
				144EC97F1850343A00A45865 /* pause.png */,
				144EC97A1850254100A45865 /* Song2.xib */,
				14AED2E5184FAE070041DEA3 /* darkBlue.png */,
				1489D1D1184FA037003208F9 /* abstract.png */,
				1489D1B1184FA016003208F9 /* ViewController.h */,
				1489D1B2184FA016003208F9 /* ViewController.m */,
				1489D1B4184FA016003208F9 /* Images.xcassets */,
				1489D1A0184FA016003208F9 /* Supporting Files */,
			);
			path = aza2;
			sourceTree = "<group>";
		};
		1489D1A0184FA016003208F9 /* Supporting Files */ = {
			isa = PBXGroup;
			children = (
				1489D1A1184FA016003208F9 /* aza2-Info.plist */,
				1489D1A2184FA016003208F9 /* InfoPlist.strings */,
				1489D1A5184FA016003208F9 /* main.m */,
				1489D1A7184FA016003208F9 /* aza2-Prefix.pch */,
			);
			name = "Supporting Files";
			sourceTree = "<group>";
		};
		1489D1C1184FA016003208F9 /* aza2Tests */ = {
			isa = PBXGroup;
			children = (
				1489D1C7184FA016003208F9 /* aza2Tests.m */,
				1489D1C2184FA016003208F9 /* Supporting Files */,
			);
			path = aza2Tests;
			sourceTree = "<group>";
		};
		1489D1C2184FA016003208F9 /* Supporting Files */ = {
			isa = PBXGroup;
			children = (
				1489D1C3184FA016003208F9 /* aza2Tests-Info.plist */,
				1489D1C4184FA016003208F9 /* InfoPlist.strings */,
			);
			name = "Supporting Files";
			sourceTree = "<group>";
		};
/* End PBXGroup section */

/* Begin PBXNativeTarget section */
		1489D195184FA016003208F9 /* aza2 */ = {
			isa = PBXNativeTarget;
			buildConfigurationList = 1489D1CB184FA016003208F9 /* Build configuration list for PBXNativeTarget "aza2" */;
			buildPhases = (
				1489D192184FA016003208F9 /* Sources */,
				1489D193184FA016003208F9 /* Frameworks */,
				1489D194184FA016003208F9 /* Resources */,
			);
			buildRules = (
			);
			dependencies = (
			);
			name = aza2;
			productName = aza2;
			productReference = 1489D196184FA016003208F9 /* aza2.app */;
			productType = "com.apple.product-type.application";
		};
		1489D1B9184FA016003208F9 /* aza2Tests */ = {
			isa = PBXNativeTarget;
			buildConfigurationList = 1489D1CE184FA016003208F9 /* Build configuration list for PBXNativeTarget "aza2Tests" */;
			buildPhases = (
				1489D1B6184FA016003208F9 /* Sources */,
				1489D1B7184FA016003208F9 /* Frameworks */,
				1489D1B8184FA016003208F9 /* Resources */,
			);
			buildRules = (
			);
			dependencies = (
				1489D1C0184FA016003208F9 /* PBXTargetDependency */,
			);
			name = aza2Tests;
			productName = aza2Tests;
			productReference = 1489D1BA184FA016003208F9 /* aza2Tests.xctest */;
			productType = "com.apple.product-type.bundle.unit-test";
		};
/* End PBXNativeTarget section */

/* Begin PBXProject section */
		1489D18E184FA016003208F9 /* Project object */ = {
			isa = PBXProject;
			attributes = {
				LastUpgradeCheck = 0500;
				ORGANIZATIONNAME = Zack;
				TargetAttributes = {
					1489D1B9184FA016003208F9 = {
						TestTargetID = 1489D195184FA016003208F9;
					};
				};
			};
			buildConfigurationList = 1489D191184FA016003208F9 /* Build configuration list for PBXProject "aza2" */;
			compatibilityVersion = "Xcode 3.2";
			developmentRegion = English;
			hasScannedForEncodings = 0;
			knownRegions = (
				en,
				Base,
			);
			mainGroup = 1489D18D184FA016003208F9;
			productRefGroup = 1489D197184FA016003208F9 /* Products */;
			projectDirPath = "";
			projectRoot = "";
			targets = (
				1489D195184FA016003208F9 /* aza2 */,
				1489D1B9184FA016003208F9 /* aza2Tests */,
			);
		};
/* End PBXProject section */

/* Begin PBXResourcesBuildPhase section */
		1489D194184FA016003208F9 /* Resources */ = {
			isa = PBXResourcesBuildPhase;
			buildActionMask = 2147483647;
			files = (
				144EC9851850465F00A45865 /* HeavyHunter.mp3 in Resources */,
				144EC97C1850254100A45865 /* Song2.xib in Resources */,
				14AED2E6184FAE070041DEA3 /* darkBlue.png in Resources */,
				144EC9801850343A00A45865 /* pause.png in Resources */,
				1489D1D2184FA037003208F9 /* abstract.png in Resources */,
				1489D1B5184FA016003208F9 /* Images.xcassets in Resources */,
				1489D1AD184FA016003208F9 /* Main_iPhone.storyboard in Resources */,
				1489D1A4184FA016003208F9 /* InfoPlist.strings in Resources */,
			);
			runOnlyForDeploymentPostprocessing = 0;
		};
		1489D1B8184FA016003208F9 /* Resources */ = {
			isa = PBXResourcesBuildPhase;
			buildActionMask = 2147483647;
			files = (
				1489D1C6184FA016003208F9 /* InfoPlist.strings in Resources */,
			);
			runOnlyForDeploymentPostprocessing = 0;
		};
/* End PBXResourcesBuildPhase section */

/* Begin PBXSourcesBuildPhase section */
		1489D192184FA016003208F9 /* Sources */ = {
			isa = PBXSourcesBuildPhase;
			buildActionMask = 2147483647;
			files = (
				1489D1B3184FA016003208F9 /* ViewController.m in Sources */,
				144EC97B1850254100A45865 /* Song2.m in Sources */,
				1489D1AA184FA016003208F9 /* AppDelegate.m in Sources */,
				1489D1A6184FA016003208F9 /* main.m in Sources */,
			);
			runOnlyForDeploymentPostprocessing = 0;
		};
		1489D1B6184FA016003208F9 /* Sources */ = {
			isa = PBXSourcesBuildPhase;
			buildActionMask = 2147483647;
			files = (
				1489D1C8184FA016003208F9 /* aza2Tests.m in Sources */,
			);
			runOnlyForDeploymentPostprocessing = 0;
		};
/* End PBXSourcesBuildPhase section */

/* Begin PBXTargetDependency section */
		1489D1C0184FA016003208F9 /* PBXTargetDependency */ = {
			isa = PBXTargetDependency;
			target = 1489D195184FA016003208F9 /* aza2 */;
			targetProxy = 1489D1BF184FA016003208F9 /* PBXContainerItemProxy */;
		};
/* End PBXTargetDependency section */

/* Begin PBXVariantGroup section */
		1489D1A2184FA016003208F9 /* InfoPlist.strings */ = {
			isa = PBXVariantGroup;
			children = (
				1489D1A3184FA016003208F9 /* en */,
			);
			name = InfoPlist.strings;
			sourceTree = "<group>";
		};
		1489D1AB184FA016003208F9 /* Main_iPhone.storyboard */ = {
			isa = PBXVariantGroup;
			children = (
				1489D1AC184FA016003208F9 /* Base */,
			);
			name = Main_iPhone.storyboard;
			sourceTree = "<group>";
		};
		1489D1C4184FA016003208F9 /* InfoPlist.strings */ = {
			isa = PBXVariantGroup;
			children = (
				1489D1C5184FA016003208F9 /* en */,
			);
			name = InfoPlist.strings;
			sourceTree = "<group>";
		};
/* End PBXVariantGroup section */

/* Begin XCBuildConfiguration section */
		1489D1C9184FA016003208F9 /* Debug */ = {
			isa = XCBuildConfiguration;
			buildSettings = {
				ALWAYS_SEARCH_USER_PATHS = NO;
				ARCHS = "$(ARCHS_STANDARD_INCLUDING_64_BIT)";
				CLANG_CXX_LANGUAGE_STANDARD = "gnu++0x";
				CLANG_CXX_LIBRARY = "libc++";
				CLANG_ENABLE_MODULES = YES;
				CLANG_ENABLE_OBJC_ARC = YES;
				CLANG_WARN_BOOL_CONVERSION = YES;
				CLANG_WARN_CONSTANT_CONVERSION = YES;
				CLANG_WARN_DIRECT_OBJC_ISA_USAGE = YES_ERROR;
				CLANG_WARN_EMPTY_BODY = YES;
				CLANG_WARN_ENUM_CONVERSION = YES;
				CLANG_WARN_INT_CONVERSION = YES;
				CLANG_WARN_OBJC_ROOT_CLASS = YES_ERROR;
				CLANG_WARN__DUPLICATE_METHOD_MATCH = YES;
				"CODE_SIGN_IDENTITY[sdk=iphoneos*]" = "iPhone Developer";
				COPY_PHASE_STRIP = NO;
				GCC_C_LANGUAGE_STANDARD = gnu99;
				GCC_DYNAMIC_NO_PIC = NO;
				GCC_OPTIMIZATION_LEVEL = 0;
				GCC_PREPROCESSOR_DEFINITIONS = (
					"DEBUG=1",
					"$(inherited)",
				);
				GCC_SYMBOLS_PRIVATE_EXTERN = NO;
				GCC_WARN_64_TO_32_BIT_CONVERSION = YES;
				GCC_WARN_ABOUT_RETURN_TYPE = YES_ERROR;
				GCC_WARN_UNDECLARED_SELECTOR = YES;
				GCC_WARN_UNINITIALIZED_AUTOS = YES;
				GCC_WARN_UNUSED_FUNCTION = YES;
				GCC_WARN_UNUSED_VARIABLE = YES;
				IPHONEOS_DEPLOYMENT_TARGET = 7.0;
				ONLY_ACTIVE_ARCH = YES;
				SDKROOT = iphoneos;
				TARGETED_DEVICE_FAMILY = "1,2";
			};
			name = Debug;
		};
		1489D1CA184FA016003208F9 /* Release */ = {
			isa = XCBuildConfiguration;
			buildSettings = {
				ALWAYS_SEARCH_USER_PATHS = NO;
				ARCHS = "$(ARCHS_STANDARD_INCLUDING_64_BIT)";
				CLANG_CXX_LANGUAGE_STANDARD = "gnu++0x";
				CLANG_CXX_LIBRARY = "libc++";
				CLANG_ENABLE_MODULES = YES;
				CLANG_ENABLE_OBJC_ARC = YES;
				CLANG_WARN_BOOL_CONVERSION = YES;
				CLANG_WARN_CONSTANT_CONVERSION = YES;
				CLANG_WARN_DIRECT_OBJC_ISA_USAGE = YES_ERROR;
				CLANG_WARN_EMPTY_BODY = YES;
				CLANG_WARN_ENUM_CONVERSION = YES;
				CLANG_WARN_INT_CONVERSION = YES;
				CLANG_WARN_OBJC_ROOT_CLASS = YES_ERROR;
				CLANG_WARN__DUPLICATE_METHOD_MATCH = YES;
				"CODE_SIGN_IDENTITY[sdk=iphoneos*]" = "iPhone Developer";
				COPY_PHASE_STRIP = YES;
				ENABLE_NS_ASSERTIONS = NO;
				GCC_C_LANGUAGE_STANDARD = gnu99;
				GCC_WARN_64_TO_32_BIT_CONVERSION = YES;
				GCC_WARN_ABOUT_RETURN_TYPE = YES_ERROR;
				GCC_WARN_UNDECLARED_SELECTOR = YES;
				GCC_WARN_UNINITIALIZED_AUTOS = YES;
				GCC_WARN_UNUSED_FUNCTION = YES;
				GCC_WARN_UNUSED_VARIABLE = YES;
				IPHONEOS_DEPLOYMENT_TARGET = 7.0;
				SDKROOT = iphoneos;
				TARGETED_DEVICE_FAMILY = "1,2";
				VALIDATE_PRODUCT = YES;
			};
			name = Release;
		};
		1489D1CC184FA016003208F9 /* Debug */ = {
			isa = XCBuildConfiguration;
			buildSettings = {
				ASSETCATALOG_COMPILER_APPICON_NAME = AppIcon;
				ASSETCATALOG_COMPILER_LAUNCHIMAGE_NAME = LaunchImage;
				GCC_PRECOMPILE_PREFIX_HEADER = YES;
				GCC_PREFIX_HEADER = "aza2/aza2-Prefix.pch";
				INFOPLIST_FILE = "aza2/aza2-Info.plist";
				IPHONEOS_DEPLOYMENT_TARGET = 6.0;
				PRODUCT_NAME = "$(TARGET_NAME)";
				TARGETED_DEVICE_FAMILY = 1;
				WRAPPER_EXTENSION = app;
			};
			name = Debug;
		};
		1489D1CD184FA016003208F9 /* Release */ = {
			isa = XCBuildConfiguration;
			buildSettings = {
				ASSETCATALOG_COMPILER_APPICON_NAME = AppIcon;
				ASSETCATALOG_COMPILER_LAUNCHIMAGE_NAME = LaunchImage;
				GCC_PRECOMPILE_PREFIX_HEADER = YES;
				GCC_PREFIX_HEADER = "aza2/aza2-Prefix.pch";
				INFOPLIST_FILE = "aza2/aza2-Info.plist";
				IPHONEOS_DEPLOYMENT_TARGET = 6.0;
				PRODUCT_NAME = "$(TARGET_NAME)";
				TARGETED_DEVICE_FAMILY = 1;
				WRAPPER_EXTENSION = app;
			};
			name = Release;
		};
		1489D1CF184FA016003208F9 /* Debug */ = {
			isa = XCBuildConfiguration;
			buildSettings = {
				ARCHS = "$(ARCHS_STANDARD_INCLUDING_64_BIT)";
				BUNDLE_LOADER = "$(BUILT_PRODUCTS_DIR)/aza2.app/aza2";
				FRAMEWORK_SEARCH_PATHS = (
					"$(SDKROOT)/Developer/Library/Frameworks",
					"$(inherited)",
					"$(DEVELOPER_FRAMEWORKS_DIR)",
				);
				GCC_PRECOMPILE_PREFIX_HEADER = YES;
				GCC_PREFIX_HEADER = "aza2/aza2-Prefix.pch";
				GCC_PREPROCESSOR_DEFINITIONS = (
					"DEBUG=1",
					"$(inherited)",
				);
				INFOPLIST_FILE = "aza2Tests/aza2Tests-Info.plist";
				PRODUCT_NAME = "$(TARGET_NAME)";
				TEST_HOST = "$(BUNDLE_LOADER)";
				WRAPPER_EXTENSION = xctest;
			};
			name = Debug;
		};
		1489D1D0184FA016003208F9 /* Release */ = {
			isa = XCBuildConfiguration;
			buildSettings = {
				ARCHS = "$(ARCHS_STANDARD_INCLUDING_64_BIT)";
				BUNDLE_LOADER = "$(BUILT_PRODUCTS_DIR)/aza2.app/aza2";
				FRAMEWORK_SEARCH_PATHS = (
					"$(SDKROOT)/Developer/Library/Frameworks",
					"$(inherited)",
					"$(DEVELOPER_FRAMEWORKS_DIR)",
				);
				GCC_PRECOMPILE_PREFIX_HEADER = YES;
				GCC_PREFIX_HEADER = "aza2/aza2-Prefix.pch";
				INFOPLIST_FILE = "aza2Tests/aza2Tests-Info.plist";
				PRODUCT_NAME = "$(TARGET_NAME)";
				TEST_HOST = "$(BUNDLE_LOADER)";
				WRAPPER_EXTENSION = xctest;
			};
			name = Release;
		};
/* End XCBuildConfiguration section */

/* Begin XCConfigurationList section */
		1489D191184FA016003208F9 /* Build configuration list for PBXProject "aza2" */ = {
			isa = XCConfigurationList;
			buildConfigurations = (
				1489D1C9184FA016003208F9 /* Debug */,
				1489D1CA184FA016003208F9 /* Release */,
			);
			defaultConfigurationIsVisible = 0;
			defaultConfigurationName = Release;
		};
		1489D1CB184FA016003208F9 /* Build configuration list for PBXNativeTarget "aza2" */ = {
			isa = XCConfigurationList;
			buildConfigurations = (
				1489D1CC184FA016003208F9 /* Debug */,
				1489D1CD184FA016003208F9 /* Release */,
			);
			defaultConfigurationIsVisible = 0;
			defaultConfigurationName = Release;
		};
		1489D1CE184FA016003208F9 /* Build configuration list for PBXNativeTarget "aza2Tests" */ = {
			isa = XCConfigurationList;
			buildConfigurations = (
				1489D1CF184FA016003208F9 /* Debug */,
				1489D1D0184FA016003208F9 /* Release */,
			);
			defaultConfigurationIsVisible = 0;
			defaultConfigurationName = Release;
		};
/* End XCConfigurationList section */
	};
	rootObject = 1489D18E184FA016003208F9 /* Project object */;
}
